<?xml version="1.0" encoding="utf-8"?>
<Project ToolsVersion="4.0" xmlns="http://schemas.microsoft.com/developer/msbuild/2003">
  <ItemGroup>
    <Filter Include="Source Files">
      <UniqueIdentifier>{4FC737F1-C7A5-4376-A066-2A32D752A2FF}</UniqueIdentifier>
      <Extensions>cpp;c;cc;cxx;c++;cppm;ixx;def;odl;idl;hpj;bat;asm;asmx</Extensions>
    </Filter>
    <Filter Include="Header Files">
      <UniqueIdentifier>{93995380-89BD-4b04-88EB-625FBE52EBFB}</UniqueIdentifier>
      <Extensions>h;hh;hpp;hxx;h++;hm;inl;inc;ipp;xsd</Extensions>
    </Filter>
    <Filter Include="Source Files\Engine">
      <UniqueIdentifier>{d076e50b-bce7-4eae-aaf8-aec90b8e9e05}</UniqueIdentifier>
    </Filter>
    <Filter Include="Source Files\Engine\Rendering">
      <UniqueIdentifier>{b4333556-648f-4a54-b859-7693146408c0}</UniqueIdentifier>
    </Filter>
    <Filter Include="Source Files\Engine\IO">
      <UniqueIdentifier>{12bbee3f-ba6c-482d-81b7-838985226f1a}</UniqueIdentifier>
    </Filter>
    <Filter Include="Source Files\Engine\Core">
      <UniqueIdentifier>{adeef0cb-4d3f-43af-86cd-8eb06ecf6f42}</UniqueIdentifier>
    </Filter>
    <Filter Include="Source Files\Engine\Inputs">
      <UniqueIdentifier>{bc5e49a8-71b3-4fb5-8ecd-4233d662f5de}</UniqueIdentifier>
    </Filter>
    <Filter Include="Header Files\Engine">
      <UniqueIdentifier>{2813405d-886d-46db-beba-2aea73756182}</UniqueIdentifier>
    </Filter>
    <Filter Include="Header Files\Engine\IO">
      <UniqueIdentifier>{48256a58-5850-4e3f-91ed-4920ba937b17}</UniqueIdentifier>
    </Filter>
    <Filter Include="Header Files\Engine\Core">
      <UniqueIdentifier>{9edd6bc2-83cc-4175-9334-ac0af12a7ffd}</UniqueIdentifier>
    </Filter>
    <Filter Include="Header Files\Engine\Inputs">
      <UniqueIdentifier>{86cd01bb-1882-4666-a1a9-15a228b233b7}</UniqueIdentifier>
    </Filter>
    <Filter Include="Header Files\Engine\Rendering">
      <UniqueIdentifier>{b488be26-ff84-4192-bc0e-43793520f9a4}</UniqueIdentifier>
    </Filter>
    <Filter Include="Header Files\Engine\Resources">
      <UniqueIdentifier>{794f0469-9c87-4685-9302-287f5df9d905}</UniqueIdentifier>
    </Filter>
    <Filter Include="Source Files\Engine\Resources">
      <UniqueIdentifier>{abe9b778-a126-4a36-b9ab-a5345cc3446f}</UniqueIdentifier>
    </Filter>
    <Filter Include="Source Files\Game">
      <UniqueIdentifier>{5f504fa6-332f-4785-b84b-3785519cf099}</UniqueIdentifier>
    </Filter>
    <Filter Include="Header Files\Game">
      <UniqueIdentifier>{01ace02e-987d-496f-a5c0-183f4cf0f1b6}</UniqueIdentifier>
    </Filter>
    <Filter Include="Header Files\Engine\Collision">
      <UniqueIdentifier>{bec870b9-93b9-480b-a354-177fff3abe0a}</UniqueIdentifier>
    </Filter>
    <Filter Include="Source Files\Engine\Collision">
      <UniqueIdentifier>{3886e1f1-07cb-4bc9-8e8c-e728a06a2cc6}</UniqueIdentifier>
    </Filter>
    <Filter Include="Source Files\Game\Entities">
      <UniqueIdentifier>{0c2e1351-fb32-4348-86f9-cc07a9d4c8bd}</UniqueIdentifier>
    </Filter>
    <Filter Include="Header Files\Game\Entities">
      <UniqueIdentifier>{be87511a-dfd4-44f3-a6b8-6a3aeae7d2d0}</UniqueIdentifier>
    </Filter>
  </ItemGroup>
  <ItemGroup>
    <ClCompile Include="src/Main.cpp">
      <Filter>Source Files</Filter>
    </ClCompile>
    <ClCompile Include="src/Engine\Input\Inputs.cpp">
      <Filter>Source Files\Engine\Inputs</Filter>
    </ClCompile>
    <ClCompile Include="src/Engine\Engine.cpp">
      <Filter>Source Files\Engine</Filter>
    </ClCompile>
    <ClCompile Include="src/Engine\IO\FileHelpers.cpp">
      <Filter>Source Files\Engine\IO</Filter>
    </ClCompile>
    <ClCompile Include="src/Engine\IO\FilePath.cpp">
      <Filter>Source Files\Engine\IO</Filter>
    </ClCompile>
    <ClCompile Include="src/Game\Game.cpp">
      <Filter>Source Files\Game</Filter>
    </ClCompile>
    <ClCompile Include="src/Engine\Rendering\Rendering.cpp">
      <Filter>Source Files\Engine\Rendering</Filter>
    </ClCompile>
    <ClCompile Include="src/Engine\Rendering\SortingLayer.cpp">
      <Filter>Source Files\Engine\Rendering</Filter>
    </ClCompile>
    <ClCompile Include="src/Engine\Rendering\Sprite.cpp">
      <Filter>Source Files\Engine\Rendering</Filter>
    </ClCompile>
    <ClCompile Include="src/Engine\Rendering\SpriteRenderer.cpp">
      <Filter>Source Files\Engine\Rendering</Filter>
    </ClCompile>
    <ClCompile Include="src/Engine\Resources\ResourceManager.cpp">
      <Filter>Source Files\Engine\Resources</Filter>
    </ClCompile>
    <ClCompile Include="src\Engine\Math\Math.cpp">
      <Filter>Source Files\Engine\Core</Filter>
    </ClCompile>
    <ClCompile Include="src/Engine\Core\Time.cpp">
      <Filter>Source Files\Engine\Core</Filter>
    </ClCompile>
    <ClCompile Include="src\Engine\Math\Vector2.cpp">
      <Filter>Source Files\Engine\Core</Filter>
    </ClCompile>
    <ClCompile Include="src\Engine\Math\Vector2Int.cpp">
      <Filter>Source Files\Engine\Core</Filter>
    </ClCompile>
    <ClCompile Include="src\Engine\Collision\CollisionSystem.cpp">
      <Filter>Source Files\Engine\Collision</Filter>
    </ClCompile>
    <ClCompile Include="src\Engine\Collision\Collider2D.cpp">
      <Filter>Source Files\Engine\Collision</Filter>
    </ClCompile>
    <ClCompile Include="src\Engine\Core\Object.cpp">
      <Filter>Source Files\Engine\Core</Filter>
    </ClCompile>
    <ClCompile Include="src\Game\Entities\Entity.cpp">
      <Filter>Source Files\Game\Entities</Filter>
    </ClCompile>
    <ClCompile Include="src\Game\Entities\Player\Player.cpp">
      <Filter>Source Files\Game\Entities</Filter>
    </ClCompile>
    <ClCompile Include="src\Engine\Collision\ColliderData.cpp">
      <Filter>Source Files\Engine\Collision</Filter>
    </ClCompile>
    <ClCompile Include="src\Engine\Core\ObjectPool.cpp">
      <Filter>Source Files\Engine\Core</Filter>
    </ClCompile>
    <ClCompile Include="src\Engine\Collision\CollisionMatrix.cpp">
      <Filter>Source Files\Engine\Collision</Filter>
    </ClCompile>
    <ClCompile Include="src\Engine\Collision\CollisionGrid.cpp">
      <Filter>Source Files\Engine\Collision</Filter>
    </ClCompile>
    <ClCompile Include="src\Engine\Rendering\SpriteFactory.cpp">
      <Filter>Source Files</Filter>
    </ClCompile>
    <ClCompile Include="src\Game\Entities\Enemies\Enemy.cpp">
      <Filter>Source Files</Filter>
    </ClCompile>
    <ClCompile Include="src\Engine\Math\Matrix3x3.cpp">
      <Filter>Source Files</Filter>
    </ClCompile>
    <ClCompile Include="Transform.cpp">
      <Filter>Source Files</Filter>
    </ClCompile>
  </ItemGroup>
  <ItemGroup>
    <ClInclude Include="src/Includes.h">
      <Filter>Header Files</Filter>
    </ClInclude>
    <ClInclude Include="src/Engine\Input\Inputs.h">
      <Filter>Header Files\Engine\Inputs</Filter>
    </ClInclude>
    <ClInclude Include="src/Engine\IO\FileHelpers.h">
      <Filter>Header Files\Engine\IO</Filter>
    </ClInclude>
    <ClInclude Include="src/Engine\IO\FilePath.h">
      <Filter>Header Files\Engine\IO</Filter>
    </ClInclude>
    <ClInclude Include="src/Game\Game.h">
      <Filter>Header Files\Game</Filter>
    </ClInclude>
    <ClInclude Include="src/Engine\Engine.h">
      <Filter>Header Files\Engine</Filter>
    </ClInclude>
    <ClInclude Include="src/Engine\Rendering\SortingLayer.h">
      <Filter>Header Files\Engine\Rendering</Filter>
    </ClInclude>
    <ClInclude Include="src/Engine\Rendering\Sprite.h">
      <Filter>Header Files\Engine\Rendering</Filter>
    </ClInclude>
    <ClInclude Include="src/Engine\Rendering\SpriteRenderer.h">
      <Filter>Header Files\Engine\Rendering</Filter>
    </ClInclude>
    <ClInclude Include="src/Engine\Rendering\Rendering.h">
      <Filter>Header Files\Engine\Rendering</Filter>
    </ClInclude>
    <ClInclude Include="src/Engine\Resources\ResourceManager.h">
      <Filter>Header Files\Engine\Resources</Filter>
    </ClInclude>
    <ClInclude Include="src\Engine\Math\Vector2Int.h">
      <Filter>Header Files\Engine\Core</Filter>
    </ClInclude>
    <ClInclude Include="src\Engine\Math\Math.h">
      <Filter>Header Files\Engine\Core</Filter>
    </ClInclude>
    <ClInclude Include="src/Engine\Core\Time.h">
      <Filter>Header Files\Engine\Core</Filter>
    </ClInclude>
    <ClInclude Include="src\Engine\Math\Vector2.h">
      <Filter>Header Files\Engine\Core</Filter>
    </ClInclude>
    <ClInclude Include="src\Engine\Collision\CollisionSystem.h">
      <Filter>Header Files\Engine\Collision</Filter>
    </ClInclude>
    <ClInclude Include="src\Engine\Collision\ColliderType.h">
      <Filter>Header Files\Engine\Collision</Filter>
    </ClInclude>
    <ClInclude Include="src\Engine\Collision\Collider2D.h">
      <Filter>Header Files\Engine\Collision</Filter>
    </ClInclude>
    <ClInclude Include="src\Engine\Core\Object.h">
      <Filter>Header Files\Engine\Core</Filter>
    </ClInclude>
    <ClInclude Include="src\Game\Entities\Entity.h">
      <Filter>Header Files\Game\Entities</Filter>
    </ClInclude>
    <ClInclude Include="src\Game\Entities\Player\Player.h">
      <Filter>Header Files\Game\Entities</Filter>
    </ClInclude>
    <ClInclude Include="src\Engine\Collision\ColliderData.h">
      <Filter>Header Files\Engine\Collision</Filter>
    </ClInclude>
    <ClInclude Include="src\Engine\Core\ObjectPool.h">
      <Filter>Header Files\Engine\Core</Filter>
    </ClInclude>
    <ClInclude Include="src\Engine\Collision\CollisionLayer.h">
      <Filter>Header Files\Engine\Collision</Filter>
    </ClInclude>
    <ClInclude Include="src\Engine\Collision\CollisionGrid.h">
      <Filter>Header Files\Engine\Collision</Filter>
    </ClInclude>
    <ClInclude Include="src\Engine\Collision\CollisionMatrix.h">
      <Filter>Header Files\Engine\Collision</Filter>
    </ClInclude>
    <ClInclude Include="src\Engine\Rendering\SpriteFactory.h">
      <Filter>Header Files</Filter>
    </ClInclude>
    <ClInclude Include="src\Game\Entities\Enemies\Enemy.h">
      <Filter>Header Files</Filter>
    </ClInclude>
    <ClInclude Include="src\Engine\Math\Matrix3x3.h">
      <Filter>Header Files</Filter>
    </ClInclude>
    <ClInclude Include="Transform.h">
      <Filter>Header Files</Filter>
    </ClInclude>
  </ItemGroup>
</Project>